
Microsoft Visual Studio Solution File, Format Version 12.00
# Visual Studio 15
Project("{FAE04EC0-301F-11D3-BF4B-00C04F79EFBC}") = "Assembly-CSharp", "Assembly-CSharp.csproj", "{F1BE65EC-F7B8-6531-F2BB-68D67AEBC96B}"
EndProject
Project("{FAE04EC0-301F-11D3-BF4B-00C04F79EFBC}") = "Assembly-CSharp-Editor", "Assembly-CSharp-Editor.csproj", "{DA0B462D-590B-6082-BB1B-B5D95A50C16B}"
EndProject
Global
	GlobalSection(SolutionConfigurationPlatforms) = preSolution
		Debug|Any CPU = Debug|Any CPU
		Release|Any CPU = Release|Any CPU
	EndGlobalSection
	GlobalSection(ProjectConfigurationPlatforms) = postSolution
		{F1BE65EC-F7B8-6531-F2BB-68D67AEBC96B}.Debug|Any CPU.ActiveCfg = Debug|Any CPU
		{F1BE65EC-F7B8-6531-F2BB-68D67AEBC96B}.Debug|Any CPU.Build.0 = Debug|Any CPU
		{F1BE65EC-F7B8-6531-F2BB-68D67AEBC96B}.Release|Any CPU.ActiveCfg = Release|Any CPU
		{F1BE65EC-F7B8-6531-F2BB-68D67AEBC96B}.Release|Any CPU.Build.0 = Release|Any CPU
		{DA0B462D-590B-6082-BB1B-B5D95A50C16B}.Debug|Any CPU.ActiveCfg = Debug|Any CPU
		{DA0B462D-590B-6082-BB1B-B5D95A50C16B}.Debug|Any CPU.Build.0 = Debug|Any CPU
		{DA0B462D-590B-6082-BB1B-B5D95A50C16B}.Release|Any CPU.ActiveCfg = Release|Any CPU
		{DA0B462D-590B-6082-BB1B-B5D95A50C16B}.Release|Any CPU.Build.0 = Release|Any CPU
	EndGlobalSection
	GlobalSection(SolutionProperties) = preSolution
		HideSolutionNode = FALSE
	EndGlobalSection
EndGlobal
